PODS:
  - Alamofire (5.0.5)
  - SwiftyDropbox (5.1.0):
    - Alamofire (~> 5.0.0)

DEPENDENCIES:
  - SwiftyDropbox (from `~/Documents/Xcode_Projects/PetProjects/SwiftyDropbox`)

SPEC REPOS:
  trunk:
    - Alamofire

EXTERNAL SOURCES:
  SwiftyDropbox:
    :path: "~/Documents/Xcode_Projects/PetProjects/SwiftyDropbox"

SPEC CHECKSUMS:
  Alamofire: df2f8f826963b08b9a870791ad48e07a10090b2e
  SwiftyDropbox: d5be648867b6f8be19ff653acd0a6656b91a8dbc

PODFILE CHECKSUM: eb77334fc769682e3ec66106c93964ae1155a1ab

COCOAPODS: 1.9.1
